
Microsoft Visual Studio Solution File, Format Version 12.00
# Visual Studio Version 17
VisualStudioVersion = 17.2.32616.157
MinimumVisualStudioVersion = 10.0.40219.1
Project("{FAE04EC0-301F-11D3-BF4B-00C04F79EFBC}") = "01. CountRealNumbers", "01.1. CountRealNumbers\01. CountRealNumbers.csproj", "{1431C08E-C52D-4435-ADA3-1C54C7745E21}"
EndProject
Project("{FAE04EC0-301F-11D3-BF4B-00C04F79EFBC}") = "02.OddOccurrences", "02. Odd Occurrences\02.OddOccurrences.csproj", "{89674956-8C49-49A4-911F-B56B43751D89}"
EndProject
Project("{FAE04EC0-301F-11D3-BF4B-00C04F79EFBC}") = "03.WordSynonyms", "03.WordSynonyms\03.WordSynonyms.csproj", "{34F27BCE-C683-44FF-B1AE-21956ADFE802}"
EndProject
Project("{FAE04EC0-301F-11D3-BF4B-00C04F79EFBC}") = "04.WordFilter", "04.WordFilter\04.WordFilter.csproj", "{55817A09-1A37-4A1C-A6E9-A182537DAA1D}"
EndProject
Project("{FAE04EC0-301F-11D3-BF4B-00C04F79EFBC}") = "00.Demo", "00.Demo\00.Demo.csproj", "{113A71D4-BA62-4559-9C30-9127AFBEDFFB}"
EndProject
Global
	GlobalSection(SolutionConfigurationPlatforms) = preSolution
		Debug|Any CPU = Debug|Any CPU
		Release|Any CPU = Release|Any CPU
	EndGlobalSection
	GlobalSection(ProjectConfigurationPlatforms) = postSolution
		{1431C08E-C52D-4435-ADA3-1C54C7745E21}.Debug|Any CPU.ActiveCfg = Debug|Any CPU
		{1431C08E-C52D-4435-ADA3-1C54C7745E21}.Debug|Any CPU.Build.0 = Debug|Any CPU
		{1431C08E-C52D-4435-ADA3-1C54C7745E21}.Release|Any CPU.ActiveCfg = Release|Any CPU
		{1431C08E-C52D-4435-ADA3-1C54C7745E21}.Release|Any CPU.Build.0 = Release|Any CPU
		{89674956-8C49-49A4-911F-B56B43751D89}.Debug|Any CPU.ActiveCfg = Debug|Any CPU
		{89674956-8C49-49A4-911F-B56B43751D89}.Debug|Any CPU.Build.0 = Debug|Any CPU
		{89674956-8C49-49A4-911F-B56B43751D89}.Release|Any CPU.ActiveCfg = Release|Any CPU
		{89674956-8C49-49A4-911F-B56B43751D89}.Release|Any CPU.Build.0 = Release|Any CPU
		{34F27BCE-C683-44FF-B1AE-21956ADFE802}.Debug|Any CPU.ActiveCfg = Debug|Any CPU
		{34F27BCE-C683-44FF-B1AE-21956ADFE802}.Debug|Any CPU.Build.0 = Debug|Any CPU
		{34F27BCE-C683-44FF-B1AE-21956ADFE802}.Release|Any CPU.ActiveCfg = Release|Any CPU
		{34F27BCE-C683-44FF-B1AE-21956ADFE802}.Release|Any CPU.Build.0 = Release|Any CPU
		{55817A09-1A37-4A1C-A6E9-A182537DAA1D}.Debug|Any CPU.ActiveCfg = Debug|Any CPU
		{55817A09-1A37-4A1C-A6E9-A182537DAA1D}.Debug|Any CPU.Build.0 = Debug|Any CPU
		{55817A09-1A37-4A1C-A6E9-A182537DAA1D}.Release|Any CPU.ActiveCfg = Release|Any CPU
		{55817A09-1A37-4A1C-A6E9-A182537DAA1D}.Release|Any CPU.Build.0 = Release|Any CPU
		{113A71D4-BA62-4559-9C30-9127AFBEDFFB}.Debug|Any CPU.ActiveCfg = Debug|Any CPU
		{113A71D4-BA62-4559-9C30-9127AFBEDFFB}.Debug|Any CPU.Build.0 = Debug|Any CPU
		{113A71D4-BA62-4559-9C30-9127AFBEDFFB}.Release|Any CPU.ActiveCfg = Release|Any CPU
		{113A71D4-BA62-4559-9C30-9127AFBEDFFB}.Release|Any CPU.Build.0 = Release|Any CPU
	EndGlobalSection
	GlobalSection(SolutionProperties) = preSolution
		HideSolutionNode = FALSE
	EndGlobalSection
	GlobalSection(ExtensibilityGlobals) = postSolution
		SolutionGuid = {85C340E3-5ECF-4CC9-B551-6A045058C1D1}
	EndGlobalSection
EndGlobal
