
Microsoft Visual Studio Solution File, Format Version 12.00
# Visual Studio Version 17
VisualStudioVersion = 17.2.32616.157
MinimumVisualStudioVersion = 10.0.40219.1
Project("{9A19103F-16F7-4668-BE54-9A1E7A4F7556}") = "01.ValidUsernames", "01.ValidUsernames\01.ValidUsernames.csproj", "{3C600C9E-3A2A-44B9-9104-2FB0DDD89DB3}"
EndProject
Project("{9A19103F-16F7-4668-BE54-9A1E7A4F7556}") = "02.CharacterMultiplier", "02.CharacterMultiplier\02.CharacterMultiplier.csproj", "{35D70FBE-5DE2-4E5A-9479-5A2F0A899EC6}"
EndProject
Project("{9A19103F-16F7-4668-BE54-9A1E7A4F7556}") = "03.ExtractFile", "03.ExtractFile\03.ExtractFile.csproj", "{61C9AD7F-A46A-4043-929D-BEC1B1D80366}"
EndProject
Project("{9A19103F-16F7-4668-BE54-9A1E7A4F7556}") = "04.CaesarCipher", "04.CaesarCipher\04.CaesarCipher.csproj", "{FD83BAAD-34AA-4E17-AC68-EDC03C4B3E0F}"
EndProject
Project("{9A19103F-16F7-4668-BE54-9A1E7A4F7556}") = "05.MultiplyBigNumber", "05.MultiplyBigNumber\05.MultiplyBigNumber.csproj", "{0FEEC0D3-4FE6-4EA6-8156-3500C8640EDC}"
EndProject
Project("{9A19103F-16F7-4668-BE54-9A1E7A4F7556}") = "06.ReplaceRepeatingChars", "06.ReplaceRepeatingChars\06.ReplaceRepeatingChars.csproj", "{AAE19749-1321-42FE-9D1E-8707740E5FA4}"
EndProject
Project("{9A19103F-16F7-4668-BE54-9A1E7A4F7556}") = "07.StringExplosion", "07.StringExplosion\07.StringExplosion.csproj", "{7C636B0C-0815-44EB-B651-F0529FC1A1FC}"
EndProject
Project("{9A19103F-16F7-4668-BE54-9A1E7A4F7556}") = "08.LetterChangeNumbers", "08.LetterChangeNumbers\08.LetterChangeNumbers.csproj", "{DDE337B3-460D-4691-949A-5BAAC55B6BCE}"
EndProject
Project("{FAE04EC0-301F-11D3-BF4B-00C04F79EFBC}") = "001.ExtractPersonInfo", "001.ExtractPersonInfo\001.ExtractPersonInfo.csproj", "{0723E5FF-D70E-462B-8A0F-96D2F10928A0}"
EndProject
Project("{FAE04EC0-301F-11D3-BF4B-00C04F79EFBC}") = "002.AsciiSumator", "002.AsciiSumator\002.AsciiSumator.csproj", "{19AD509B-6D5B-4F62-97C9-7043487BAFDC}"
EndProject
Project("{FAE04EC0-301F-11D3-BF4B-00C04F79EFBC}") = "003.TreasureFinder", "003.TreasureFinder\003.TreasureFinder.csproj", "{24220452-0490-4104-A81F-12653A103023}"
EndProject
Global
	GlobalSection(SolutionConfigurationPlatforms) = preSolution
		Debug|Any CPU = Debug|Any CPU
		Release|Any CPU = Release|Any CPU
	EndGlobalSection
	GlobalSection(ProjectConfigurationPlatforms) = postSolution
		{3C600C9E-3A2A-44B9-9104-2FB0DDD89DB3}.Debug|Any CPU.ActiveCfg = Debug|Any CPU
		{3C600C9E-3A2A-44B9-9104-2FB0DDD89DB3}.Debug|Any CPU.Build.0 = Debug|Any CPU
		{3C600C9E-3A2A-44B9-9104-2FB0DDD89DB3}.Release|Any CPU.ActiveCfg = Release|Any CPU
		{3C600C9E-3A2A-44B9-9104-2FB0DDD89DB3}.Release|Any CPU.Build.0 = Release|Any CPU
		{35D70FBE-5DE2-4E5A-9479-5A2F0A899EC6}.Debug|Any CPU.ActiveCfg = Debug|Any CPU
		{35D70FBE-5DE2-4E5A-9479-5A2F0A899EC6}.Debug|Any CPU.Build.0 = Debug|Any CPU
		{35D70FBE-5DE2-4E5A-9479-5A2F0A899EC6}.Release|Any CPU.ActiveCfg = Release|Any CPU
		{35D70FBE-5DE2-4E5A-9479-5A2F0A899EC6}.Release|Any CPU.Build.0 = Release|Any CPU
		{61C9AD7F-A46A-4043-929D-BEC1B1D80366}.Debug|Any CPU.ActiveCfg = Debug|Any CPU
		{61C9AD7F-A46A-4043-929D-BEC1B1D80366}.Debug|Any CPU.Build.0 = Debug|Any CPU
		{61C9AD7F-A46A-4043-929D-BEC1B1D80366}.Release|Any CPU.ActiveCfg = Release|Any CPU
		{61C9AD7F-A46A-4043-929D-BEC1B1D80366}.Release|Any CPU.Build.0 = Release|Any CPU
		{FD83BAAD-34AA-4E17-AC68-EDC03C4B3E0F}.Debug|Any CPU.ActiveCfg = Debug|Any CPU
		{FD83BAAD-34AA-4E17-AC68-EDC03C4B3E0F}.Debug|Any CPU.Build.0 = Debug|Any CPU
		{FD83BAAD-34AA-4E17-AC68-EDC03C4B3E0F}.Release|Any CPU.ActiveCfg = Release|Any CPU
		{FD83BAAD-34AA-4E17-AC68-EDC03C4B3E0F}.Release|Any CPU.Build.0 = Release|Any CPU
		{0FEEC0D3-4FE6-4EA6-8156-3500C8640EDC}.Debug|Any CPU.ActiveCfg = Debug|Any CPU
		{0FEEC0D3-4FE6-4EA6-8156-3500C8640EDC}.Debug|Any CPU.Build.0 = Debug|Any CPU
		{0FEEC0D3-4FE6-4EA6-8156-3500C8640EDC}.Release|Any CPU.ActiveCfg = Release|Any CPU
		{0FEEC0D3-4FE6-4EA6-8156-3500C8640EDC}.Release|Any CPU.Build.0 = Release|Any CPU
		{AAE19749-1321-42FE-9D1E-8707740E5FA4}.Debug|Any CPU.ActiveCfg = Debug|Any CPU
		{AAE19749-1321-42FE-9D1E-8707740E5FA4}.Debug|Any CPU.Build.0 = Debug|Any CPU
		{AAE19749-1321-42FE-9D1E-8707740E5FA4}.Release|Any CPU.ActiveCfg = Release|Any CPU
		{AAE19749-1321-42FE-9D1E-8707740E5FA4}.Release|Any CPU.Build.0 = Release|Any CPU
		{7C636B0C-0815-44EB-B651-F0529FC1A1FC}.Debug|Any CPU.ActiveCfg = Debug|Any CPU
		{7C636B0C-0815-44EB-B651-F0529FC1A1FC}.Debug|Any CPU.Build.0 = Debug|Any CPU
		{7C636B0C-0815-44EB-B651-F0529FC1A1FC}.Release|Any CPU.ActiveCfg = Release|Any CPU
		{7C636B0C-0815-44EB-B651-F0529FC1A1FC}.Release|Any CPU.Build.0 = Release|Any CPU
		{DDE337B3-460D-4691-949A-5BAAC55B6BCE}.Debug|Any CPU.ActiveCfg = Debug|Any CPU
		{DDE337B3-460D-4691-949A-5BAAC55B6BCE}.Debug|Any CPU.Build.0 = Debug|Any CPU
		{DDE337B3-460D-4691-949A-5BAAC55B6BCE}.Release|Any CPU.ActiveCfg = Release|Any CPU
		{DDE337B3-460D-4691-949A-5BAAC55B6BCE}.Release|Any CPU.Build.0 = Release|Any CPU
		{0723E5FF-D70E-462B-8A0F-96D2F10928A0}.Debug|Any CPU.ActiveCfg = Debug|Any CPU
		{0723E5FF-D70E-462B-8A0F-96D2F10928A0}.Debug|Any CPU.Build.0 = Debug|Any CPU
		{0723E5FF-D70E-462B-8A0F-96D2F10928A0}.Release|Any CPU.ActiveCfg = Release|Any CPU
		{0723E5FF-D70E-462B-8A0F-96D2F10928A0}.Release|Any CPU.Build.0 = Release|Any CPU
		{19AD509B-6D5B-4F62-97C9-7043487BAFDC}.Debug|Any CPU.ActiveCfg = Debug|Any CPU
		{19AD509B-6D5B-4F62-97C9-7043487BAFDC}.Debug|Any CPU.Build.0 = Debug|Any CPU
		{19AD509B-6D5B-4F62-97C9-7043487BAFDC}.Release|Any CPU.ActiveCfg = Release|Any CPU
		{19AD509B-6D5B-4F62-97C9-7043487BAFDC}.Release|Any CPU.Build.0 = Release|Any CPU
		{24220452-0490-4104-A81F-12653A103023}.Debug|Any CPU.ActiveCfg = Debug|Any CPU
		{24220452-0490-4104-A81F-12653A103023}.Debug|Any CPU.Build.0 = Debug|Any CPU
		{24220452-0490-4104-A81F-12653A103023}.Release|Any CPU.ActiveCfg = Release|Any CPU
		{24220452-0490-4104-A81F-12653A103023}.Release|Any CPU.Build.0 = Release|Any CPU
	EndGlobalSection
	GlobalSection(SolutionProperties) = preSolution
		HideSolutionNode = FALSE
	EndGlobalSection
	GlobalSection(ExtensibilityGlobals) = postSolution
		SolutionGuid = {C1FA65CD-BFC9-4ED5-AF68-90E0F3A55A94}
	EndGlobalSection
EndGlobal
